
Microsoft Visual Studio Solution File, Format Version 12.00
# Visual Studio 15
VisualStudioVersion = 15.0.27703.2018
MinimumVisualStudioVersion = 10.0.40219.1
Project("{E24C65DC-7377-472B-9ABA-BC803B73C61A}") = "Project Muses 1.1", "Project Muses 1.1\", "{724F7E95-73A2-4D36-A92F-10DE82F2F8CC}"
	ProjectSection(WebsiteProperties) = preProject
		TargetFrameworkMoniker = ".NETFramework,Version%3Dv4.0"
		Debug.AspNetCompiler.VirtualPath = "/localhost_50090"
		Debug.AspNetCompiler.PhysicalPath = "Project Muses 1.1\"
		Debug.AspNetCompiler.TargetPath = "PrecompiledWeb\localhost_50090\"
		Debug.AspNetCompiler.Updateable = "true"
		Debug.AspNetCompiler.ForceOverwrite = "true"
		Debug.AspNetCompiler.FixedNames = "false"
		Debug.AspNetCompiler.Debug = "True"
		Release.AspNetCompiler.VirtualPath = "/localhost_50090"
		Release.AspNetCompiler.PhysicalPath = "Project Muses 1.1\"
		Release.AspNetCompiler.TargetPath = "PrecompiledWeb\localhost_50090\"
		Release.AspNetCompiler.Updateable = "true"
		Release.AspNetCompiler.ForceOverwrite = "true"
		Release.AspNetCompiler.FixedNames = "false"
		Release.AspNetCompiler.Debug = "False"
		VWDPort = "50090"
		SlnRelativePath = "Project Muses 1.1\"
		DefaultWebSiteLanguage = "Visual C#"
	EndProjectSection
EndProject
Global
	GlobalSection(SolutionConfigurationPlatforms) = preSolution
		Debug|Any CPU = Debug|Any CPU
	EndGlobalSection
	GlobalSection(ProjectConfigurationPlatforms) = postSolution
		{724F7E95-73A2-4D36-A92F-10DE82F2F8CC}.Debug|Any CPU.ActiveCfg = Debug|Any CPU
		{724F7E95-73A2-4D36-A92F-10DE82F2F8CC}.Debug|Any CPU.Build.0 = Debug|Any CPU
	EndGlobalSection
	GlobalSection(SolutionProperties) = preSolution
		HideSolutionNode = FALSE
	EndGlobalSection
	GlobalSection(ExtensibilityGlobals) = postSolution
		SolutionGuid = {9D3A825B-D500-4D15-B93C-65888D3F972D}
	EndGlobalSection
EndGlobal
